
Microsoft Visual Studio Solution File, Format Version 12.00
# Visual Studio Version 16
VisualStudioVersion = 16.0.29806.167
MinimumVisualStudioVersion = 10.0.40219.1
Project("{8BC9CEB8-8B4A-11D0-8D11-00A0C91BC942}") = "Terra", "Terra.vcxproj", "{0CAA4B7B-24B6-43E8-A58C-A17183D19914}"
EndProject
Global
	GlobalSection(SolutionConfigurationPlatforms) = preSolution
		Debug|x64 = Debug|x64
		Debug|x86 = Debug|x86
		Release|x64 = Release|x64
		Release|x86 = Release|x86
	EndGlobalSection
	GlobalSection(ProjectConfigurationPlatforms) = postSolution
		{0CAA4B7B-24B6-43E8-A58C-A17183D19914}.Debug|x64.ActiveCfg = Debug|x64
		{0CAA4B7B-24B6-43E8-A58C-A17183D19914}.Debug|x64.Build.0 = Debug|x64
		{0CAA4B7B-24B6-43E8-A58C-A17183D19914}.Debug|x86.ActiveCfg = Debug|Win32
		{0CAA4B7B-24B6-43E8-A58C-A17183D19914}.Debug|x86.Build.0 = Debug|Win32
		{0CAA4B7B-24B6-43E8-A58C-A17183D19914}.Release|x64.ActiveCfg = Release|x64
		{0CAA4B7B-24B6-43E8-A58C-A17183D19914}.Release|x64.Build.0 = Release|x64
		{0CAA4B7B-24B6-43E8-A58C-A17183D19914}.Release|x86.ActiveCfg = Release|Win32
		{0CAA4B7B-24B6-43E8-A58C-A17183D19914}.Release|x86.Build.0 = Release|Win32
	EndGlobalSection
	GlobalSection(SolutionProperties) = preSolution
		HideSolutionNode = FALSE
	EndGlobalSection
	GlobalSection(ExtensibilityGlobals) = postSolution
		SolutionGuid = {D2CCBFD0-5164-4E3C-BCAF-FA05CA1CB23C}
	EndGlobalSection
EndGlobal
